
Microsoft Visual Studio Solution File, Format Version 12.00
# Visual Studio Version 17
VisualStudioVersion = 17.10.35004.147
MinimumVisualStudioVersion = 10.0.40219.1
Project("{9A19103F-16F7-4668-BE54-9A1E7A4F7556}") = "Demo", "Demo\Demo.csproj", "{8ED8D8B8-9211-4A68-B1EE-EE80015DD9EB}"
EndProject
Project("{FAE04EC0-301F-11D3-BF4B-00C04F79EFBC}") = "Assignment", "Assignment\Assignment.csproj", "{556AF59E-579B-48F9-B38B-4DFC0C3DE73B}"
EndProject
Global
	GlobalSection(SolutionConfigurationPlatforms) = preSolution
		Debug|Any CPU = Debug|Any CPU
		Release|Any CPU = Release|Any CPU
	EndGlobalSection
	GlobalSection(ProjectConfigurationPlatforms) = postSolution
		{8ED8D8B8-9211-4A68-B1EE-EE80015DD9EB}.Debug|Any CPU.ActiveCfg = Debug|Any CPU
		{8ED8D8B8-9211-4A68-B1EE-EE80015DD9EB}.Debug|Any CPU.Build.0 = Debug|Any CPU
		{8ED8D8B8-9211-4A68-B1EE-EE80015DD9EB}.Release|Any CPU.ActiveCfg = Release|Any CPU
		{8ED8D8B8-9211-4A68-B1EE-EE80015DD9EB}.Release|Any CPU.Build.0 = Release|Any CPU
		{556AF59E-579B-48F9-B38B-4DFC0C3DE73B}.Debug|Any CPU.ActiveCfg = Debug|Any CPU
		{556AF59E-579B-48F9-B38B-4DFC0C3DE73B}.Debug|Any CPU.Build.0 = Debug|Any CPU
		{556AF59E-579B-48F9-B38B-4DFC0C3DE73B}.Release|Any CPU.ActiveCfg = Release|Any CPU
		{556AF59E-579B-48F9-B38B-4DFC0C3DE73B}.Release|Any CPU.Build.0 = Release|Any CPU
	EndGlobalSection
	GlobalSection(SolutionProperties) = preSolution
		HideSolutionNode = FALSE
	EndGlobalSection
	GlobalSection(ExtensibilityGlobals) = postSolution
		SolutionGuid = {5E6AECA2-51AC-4041-88F7-337120FA0596}
	EndGlobalSection
EndGlobal
